// !$*UTF8*$!
{
	archiveVersion = 1;
	classes = {
	};
	objectVersion = 50;
	objects = {

/* Begin PBXBuildFile section */
		9B44610F21A91AAF0072A8F4 /* AppDelegate.m in Sources */ = {isa = PBXBuildFile; fileRef = 9B44610E21A91AAF0072A8F4 /* AppDelegate.m */; };
		9B44611221A91AAF0072A8F4 /* ViewController.m in Sources */ = {isa = PBXBuildFile; fileRef = 9B44611121A91AAF0072A8F4 /* ViewController.m */; };
		9B44611521A91AAF0072A8F4 /* Main.storyboard in Resources */ = {isa = PBXBuildFile; fileRef = 9B44611321A91AAF0072A8F4 /* Main.storyboard */; };
		9B44611721A91AB10072A8F4 /* Assets.xcassets in Resources */ = {isa = PBXBuildFile; fileRef = 9B44611621A91AB10072A8F4 /* Assets.xcassets */; };
		9B44611A21A91AB10072A8F4 /* LaunchScreen.storyboard in Resources */ = {isa = PBXBuildFile; fileRef = 9B44611821A91AB10072A8F4 /* LaunchScreen.storyboard */; };
		9B44611D21A91AB10072A8F4 /* main.m in Sources */ = {isa = PBXBuildFile; fileRef = 9B44611C21A91AB10072A8F4 /* main.m */; };
		9B44613221A921510072A8F4 /* SAMKeychainQuery.m in Sources */ = {isa = PBXBuildFile; fileRef = 9B44612D21A921510072A8F4 /* SAMKeychainQuery.m */; };
		9B44613321A921510072A8F4 /* SAMKeychain.bundle in Resources */ = {isa = PBXBuildFile; fileRef = 9B44612F21A921510072A8F4 /* SAMKeychain.bundle */; };
		9B44613421A921510072A8F4 /* SAMKeychain.m in Sources */ = {isa = PBXBuildFile; fileRef = 9B44613121A921510072A8F4 /* SAMKeychain.m */; };
/* End PBXBuildFile section */

/* Begin PBXFileReference section */
		9B44610A21A91AAF0072A8F4 /* 20181124-(本地数据存储安全)Keychain.app */ = {isa = PBXFileReference; explicitFileType = wrapper.application; includeInIndex = 0; path = "20181124-(本地数据存储安全)Keychain.app"; sourceTree = BUILT_PRODUCTS_DIR; };
		9B44610D21A91AAF0072A8F4 /* AppDelegate.h */ = {isa = PBXFileReference; lastKnownFileType = sourcecode.c.h; path = AppDelegate.h; sourceTree = "<group>"; };
		9B44610E21A91AAF0072A8F4 /* AppDelegate.m */ = {isa = PBXFileReference; lastKnownFileType = sourcecode.c.objc; path = AppDelegate.m; sourceTree = "<group>"; };
		9B44611021A91AAF0072A8F4 /* ViewController.h */ = {isa = PBXFileReference; lastKnownFileType = sourcecode.c.h; path = ViewController.h; sourceTree = "<group>"; };
		9B44611121A91AAF0072A8F4 /* ViewController.m */ = {isa = PBXFileReference; lastKnownFileType = sourcecode.c.objc; path = ViewController.m; sourceTree = "<group>"; };
		9B44611421A91AAF0072A8F4 /* Base */ = {isa = PBXFileReference; lastKnownFileType = file.storyboard; name = Base; path = Base.lproj/Main.storyboard; sourceTree = "<group>"; };
		9B44611621A91AB10072A8F4 /* Assets.xcassets */ = {isa = PBXFileReference; lastKnownFileType = folder.assetcatalog; path = Assets.xcassets; sourceTree = "<group>"; };
		9B44611921A91AB10072A8F4 /* Base */ = {isa = PBXFileReference; lastKnownFileType = file.storyboard; name = Base; path = Base.lproj/LaunchScreen.storyboard; sourceTree = "<group>"; };
		9B44611B21A91AB10072A8F4 /* Info.plist */ = {isa = PBXFileReference; lastKnownFileType = text.plist.xml; path = Info.plist; sourceTree = "<group>"; };
		9B44611C21A91AB10072A8F4 /* main.m */ = {isa = PBXFileReference; lastKnownFileType = sourcecode.c.objc; path = main.m; sourceTree = "<group>"; };
		9B44612D21A921510072A8F4 /* SAMKeychainQuery.m */ = {isa = PBXFileReference; fileEncoding = 4; lastKnownFileType = sourcecode.c.objc; path = SAMKeychainQuery.m; sourceTree = "<group>"; };
		9B44612E21A921510072A8F4 /* SAMKeychain.h */ = {isa = PBXFileReference; fileEncoding = 4; lastKnownFileType = sourcecode.c.h; path = SAMKeychain.h; sourceTree = "<group>"; };
		9B44612F21A921510072A8F4 /* SAMKeychain.bundle */ = {isa = PBXFileReference; lastKnownFileType = "wrapper.plug-in"; path = SAMKeychain.bundle; sourceTree = "<group>"; };
		9B44613021A921510072A8F4 /* SAMKeychainQuery.h */ = {isa = PBXFileReference; fileEncoding = 4; lastKnownFileType = sourcecode.c.h; path = SAMKeychainQuery.h; sourceTree = "<group>"; };
		9B44613121A921510072A8F4 /* SAMKeychain.m */ = {isa = PBXFileReference; fileEncoding = 4; lastKnownFileType = sourcecode.c.objc; path = SAMKeychain.m; sourceTree = "<group>"; };
		9B44613521A927940072A8F4 /* 20181124-(本地数据存储安全)Keychain.entitlements */ = {isa = PBXFileReference; lastKnownFileType = text.plist.entitlements; path = "20181124-(本地数据存储安全)Keychain.entitlements"; sourceTree = "<group>"; };
/* End PBXFileReference section */

/* Begin PBXFrameworksBuildPhase section */
		9B44610721A91AAF0072A8F4 /* Frameworks */ = {
			isa = PBXFrameworksBuildPhase;
			buildActionMask = 2147483647;
			files = (
			);
			runOnlyForDeploymentPostprocessing = 0;
		};
/* End PBXFrameworksBuildPhase section */

/* Begin PBXGroup section */
		9B44610121A91AAF0072A8F4 = {
			isa = PBXGroup;
			children = (
				9B44610C21A91AAF0072A8F4 /* 20181124-(本地数据存储安全)Keychain */,
				9B44610B21A91AAF0072A8F4 /* Products */,
			);
			sourceTree = "<group>";
		};
		9B44610B21A91AAF0072A8F4 /* Products */ = {
			isa = PBXGroup;
			children = (
				9B44610A21A91AAF0072A8F4 /* 20181124-(本地数据存储安全)Keychain.app */,
			);
			name = Products;
			sourceTree = "<group>";
		};
		9B44610C21A91AAF0072A8F4 /* 20181124-(本地数据存储安全)Keychain */ = {
			isa = PBXGroup;
			children = (
				9B44613521A927940072A8F4 /* 20181124-(本地数据存储安全)Keychain.entitlements */,
				9B44612C21A921510072A8F4 /* Sources */,
				9B44610D21A91AAF0072A8F4 /* AppDelegate.h */,
				9B44610E21A91AAF0072A8F4 /* AppDelegate.m */,
				9B44611021A91AAF0072A8F4 /* ViewController.h */,
				9B44611121A91AAF0072A8F4 /* ViewController.m */,
				9B44611321A91AAF0072A8F4 /* Main.storyboard */,
				9B44611621A91AB10072A8F4 /* Assets.xcassets */,
				9B44611821A91AB10072A8F4 /* LaunchScreen.storyboard */,
				9B44611B21A91AB10072A8F4 /* Info.plist */,
				9B44611C21A91AB10072A8F4 /* main.m */,
			);
			path = "20181124-(本地数据存储安全)Keychain";
			sourceTree = "<group>";
		};
		9B44612C21A921510072A8F4 /* Sources */ = {
			isa = PBXGroup;
			children = (
				9B44612D21A921510072A8F4 /* SAMKeychainQuery.m */,
				9B44612E21A921510072A8F4 /* SAMKeychain.h */,
				9B44612F21A921510072A8F4 /* SAMKeychain.bundle */,
				9B44613021A921510072A8F4 /* SAMKeychainQuery.h */,
				9B44613121A921510072A8F4 /* SAMKeychain.m */,
			);
			path = Sources;
			sourceTree = "<group>";
		};
/* End PBXGroup section */

/* Begin PBXNativeTarget section */
		9B44610921A91AAF0072A8F4 /* 20181124-(本地数据存储安全)Keychain */ = {
			isa = PBXNativeTarget;
			buildConfigurationList = 9B44612021A91AB10072A8F4 /* Build configuration list for PBXNativeTarget "20181124-(本地数据存储安全)Keychain" */;
			buildPhases = (
				9B44610621A91AAF0072A8F4 /* Sources */,
				9B44610721A91AAF0072A8F4 /* Frameworks */,
				9B44610821A91AAF0072A8F4 /* Resources */,
			);
			buildRules = (
			);
			dependencies = (
			);
			name = "20181124-(本地数据存储安全)Keychain";
			productName = "20181124-(本地数据存储安全)Keychain";
			productReference = 9B44610A21A91AAF0072A8F4 /* 20181124-(本地数据存储安全)Keychain.app */;
			productType = "com.apple.product-type.application";
		};
/* End PBXNativeTarget section */

/* Begin PBXProject section */
		9B44610221A91AAF0072A8F4 /* Project object */ = {
			isa = PBXProject;
			attributes = {
				LastUpgradeCheck = 0940;
				ORGANIZATIONNAME = lee;
				TargetAttributes = {
					9B44610921A91AAF0072A8F4 = {
						CreatedOnToolsVersion = 9.4.1;
						SystemCapabilities = {
							com.apple.Keychain = {
								enabled = 1;
							};
						};
					};
				};
			};
			buildConfigurationList = 9B44610521A91AAF0072A8F4 /* Build configuration list for PBXProject "20181124-(本地数据存储安全)Keychain" */;
			compatibilityVersion = "Xcode 9.3";
			developmentRegion = en;
			hasScannedForEncodings = 0;
			knownRegions = (
				en,
				Base,
			);
			mainGroup = 9B44610121A91AAF0072A8F4;
			productRefGroup = 9B44610B21A91AAF0072A8F4 /* Products */;
			projectDirPath = "";
			projectRoot = "";
			targets = (
				9B44610921A91AAF0072A8F4 /* 20181124-(本地数据存储安全)Keychain */,
			);
		};
/* End PBXProject section */

/* Begin PBXResourcesBuildPhase section */
		9B44610821A91AAF0072A8F4 /* Resources */ = {
			isa = PBXResourcesBuildPhase;
			buildActionMask = 2147483647;
			files = (
				9B44611A21A91AB10072A8F4 /* LaunchScreen.storyboard in Resources */,
				9B44611721A91AB10072A8F4 /* Assets.xcassets in Resources */,
				9B44611521A91AAF0072A8F4 /* Main.storyboard in Resources */,
				9B44613321A921510072A8F4 /* SAMKeychain.bundle in Resources */,
			);
			runOnlyForDeploymentPostprocessing = 0;
		};
/* End PBXResourcesBuildPhase section */

/* Begin PBXSourcesBuildPhase section */
		9B44610621A91AAF0072A8F4 /* Sources */ = {
			isa = PBXSourcesBuildPhase;
			buildActionMask = 2147483647;
			files = (
				9B44613221A921510072A8F4 /* SAMKeychainQuery.m in Sources */,
				9B44611221A91AAF0072A8F4 /* ViewController.m in Sources */,
				9B44613421A921510072A8F4 /* SAMKeychain.m in Sources */,
				9B44611D21A91AB10072A8F4 /* main.m in Sources */,
				9B44610F21A91AAF0072A8F4 /* AppDelegate.m in Sources */,
			);
			runOnlyForDeploymentPostprocessing = 0;
		};
/* End PBXSourcesBuildPhase section */

/* Begin PBXVariantGroup section */
		9B44611321A91AAF0072A8F4 /* Main.storyboard */ = {
			isa = PBXVariantGroup;
			children = (
				9B44611421A91AAF0072A8F4 /* Base */,
			);
			name = Main.storyboard;
			sourceTree = "<group>";
		};
		9B44611821A91AB10072A8F4 /* LaunchScreen.storyboard */ = {
			isa = PBXVariantGroup;
			children = (
				9B44611921A91AB10072A8F4 /* Base */,
			);
			name = LaunchScreen.storyboard;
			sourceTree = "<group>";
		};
/* End PBXVariantGroup section */

/* Begin XCBuildConfiguration section */
		9B44611E21A91AB10072A8F4 /* Debug */ = {
			isa = XCBuildConfiguration;
			buildSettings = {
				ALWAYS_SEARCH_USER_PATHS = NO;
				CLANG_ANALYZER_NONNULL = YES;
				CLANG_ANALYZER_NUMBER_OBJECT_CONVERSION = YES_AGGRESSIVE;
				CLANG_CXX_LANGUAGE_STANDARD = "gnu++14";
				CLANG_CXX_LIBRARY = "libc++";
				CLANG_ENABLE_MODULES = YES;
				CLANG_ENABLE_OBJC_ARC = YES;
				CLANG_ENABLE_OBJC_WEAK = YES;
				CLANG_WARN_BLOCK_CAPTURE_AUTORELEASING = YES;
				CLANG_WARN_BOOL_CONVERSION = YES;
				CLANG_WARN_COMMA = YES;
				CLANG_WARN_CONSTANT_CONVERSION = YES;
				CLANG_WARN_DEPRECATED_OBJC_IMPLEMENTATIONS = YES;
				CLANG_WARN_DIRECT_OBJC_ISA_USAGE = YES_ERROR;
				CLANG_WARN_DOCUMENTATION_COMMENTS = YES;
				CLANG_WARN_EMPTY_BODY = YES;
				CLANG_WARN_ENUM_CONVERSION = YES;
				CLANG_WARN_INFINITE_RECURSION = YES;
				CLANG_WARN_INT_CONVERSION = YES;
				CLANG_WARN_NON_LITERAL_NULL_CONVERSION = YES;
				CLANG_WARN_OBJC_IMPLICIT_RETAIN_SELF = YES;
				CLANG_WARN_OBJC_LITERAL_CONVERSION = YES;
				CLANG_WARN_OBJC_ROOT_CLASS = YES_ERROR;
				CLANG_WARN_RANGE_LOOP_ANALYSIS = YES;
				CLANG_WARN_STRICT_PROTOTYPES = YES;
				CLANG_WARN_SUSPICIOUS_MOVE = YES;
				CLANG_WARN_UNGUARDED_AVAILABILITY = YES_AGGRESSIVE;
				CLANG_WARN_UNREACHABLE_CODE = YES;
				CLANG_WARN__DUPLICATE_METHOD_MATCH = YES;
				CODE_SIGN_IDENTITY = "iPhone Developer";
				COPY_PHASE_STRIP = NO;
				DEBUG_INFORMATION_FORMAT = dwarf;
				ENABLE_STRICT_OBJC_MSGSEND = YES;
				ENABLE_TESTABILITY = YES;
				GCC_C_LANGUAGE_STANDARD = gnu11;
				GCC_DYNAMIC_NO_PIC = NO;
				GCC_NO_COMMON_BLOCKS = YES;
				GCC_OPTIMIZATION_LEVEL = 0;
				GCC_PREPROCESSOR_DEFINITIONS = (
					"DEBUG=1",
					"$(inherited)",
				);
				GCC_WARN_64_TO_32_BIT_CONVERSION = YES;
				GCC_WARN_ABOUT_RETURN_TYPE = YES_ERROR;
				GCC_WARN_UNDECLARED_SELECTOR = YES;
				GCC_WARN_UNINITIALIZED_AUTOS = YES_AGGRESSIVE;
				GCC_WARN_UNUSED_FUNCTION = YES;
				GCC_WARN_UNUSED_VARIABLE = YES;
				IPHONEOS_DEPLOYMENT_TARGET = 11.4;
				MTL_ENABLE_DEBUG_INFO = YES;
				ONLY_ACTIVE_ARCH = YES;
				SDKROOT = iphoneos;
			};
			name = Debug;
		};
		9B44611F21A91AB10072A8F4 /* Release */ = {
			isa = XCBuildConfiguration;
			buildSettings = {
				ALWAYS_SEARCH_USER_PATHS = NO;
				CLANG_ANALYZER_NONNULL = YES;
				CLANG_ANALYZER_NUMBER_OBJECT_CONVERSION = YES_AGGRESSIVE;
				CLANG_CXX_LANGUAGE_STANDARD = "gnu++14";
				CLANG_CXX_LIBRARY = "libc++";
				CLANG_ENABLE_MODULES = YES;
				CLANG_ENABLE_OBJC_ARC = YES;
				CLANG_ENABLE_OBJC_WEAK = YES;
				CLANG_WARN_BLOCK_CAPTURE_AUTORELEASING = YES;
				CLANG_WARN_BOOL_CONVERSION = YES;
				CLANG_WARN_COMMA = YES;
				CLANG_WARN_CONSTANT_CONVERSION = YES;
				CLANG_WARN_DEPRECATED_OBJC_IMPLEMENTATIONS = YES;
				CLANG_WARN_DIRECT_OBJC_ISA_USAGE = YES_ERROR;
				CLANG_WARN_DOCUMENTATION_COMMENTS = YES;
				CLANG_WARN_EMPTY_BODY = YES;
				CLANG_WARN_ENUM_CONVERSION = YES;
				CLANG_WARN_INFINITE_RECURSION = YES;
				CLANG_WARN_INT_CONVERSION = YES;
				CLANG_WARN_NON_LITERAL_NULL_CONVERSION = YES;
				CLANG_WARN_OBJC_IMPLICIT_RETAIN_SELF = YES;
				CLANG_WARN_OBJC_LITERAL_CONVERSION = YES;
				CLANG_WARN_OBJC_ROOT_CLASS = YES_ERROR;
				CLANG_WARN_RANGE_LOOP_ANALYSIS = YES;
				CLANG_WARN_STRICT_PROTOTYPES = YES;
				CLANG_WARN_SUSPICIOUS_MOVE = YES;
				CLANG_WARN_UNGUARDED_AVAILABILITY = YES_AGGRESSIVE;
				CLANG_WARN_UNREACHABLE_CODE = YES;
				CLANG_WARN__DUPLICATE_METHOD_MATCH = YES;
				CODE_SIGN_IDENTITY = "iPhone Developer";
				COPY_PHASE_STRIP = NO;
				DEBUG_INFORMATION_FORMAT = "dwarf-with-dsym";
				ENABLE_NS_ASSERTIONS = NO;
				ENABLE_STRICT_OBJC_MSGSEND = YES;
				GCC_C_LANGUAGE_STANDARD = gnu11;
				GCC_NO_COMMON_BLOCKS = YES;
				GCC_WARN_64_TO_32_BIT_CONVERSION = YES;
				GCC_WARN_ABOUT_RETURN_TYPE = YES_ERROR;
				GCC_WARN_UNDECLARED_SELECTOR = YES;
				GCC_WARN_UNINITIALIZED_AUTOS = YES_AGGRESSIVE;
				GCC_WARN_UNUSED_FUNCTION = YES;
				GCC_WARN_UNUSED_VARIABLE = YES;
				IPHONEOS_DEPLOYMENT_TARGET = 11.4;
				MTL_ENABLE_DEBUG_INFO = NO;
				SDKROOT = iphoneos;
				VALIDATE_PRODUCT = YES;
			};
			name = Release;
		};
		9B44612121A91AB10072A8F4 /* Debug */ = {
			isa = XCBuildConfiguration;
			buildSettings = {
				ASSETCATALOG_COMPILER_APPICON_NAME = AppIcon;
				CODE_SIGN_ENTITLEMENTS = "20181124-(本地数据存储安全)Keychain/20181124-(本地数据存储安全)Keychain.entitlements";
				CODE_SIGN_STYLE = Automatic;
				DEVELOPMENT_TEAM = 3FR6C5N825;
				INFOPLIST_FILE = "20181124-(本地数据存储安全)Keychain/Info.plist";
				IPHONEOS_DEPLOYMENT_TARGET = 11.0;
				LD_RUNPATH_SEARCH_PATHS = (
					"$(inherited)",
					"@executable_path/Frameworks",
				);
				PRODUCT_BUNDLE_IDENTIFIER = com.lyh.demo;
				PRODUCT_NAME = "$(TARGET_NAME)";
				TARGETED_DEVICE_FAMILY = "1,2";
			};
			name = Debug;
		};
		9B44612221A91AB10072A8F4 /* Release */ = {
			isa = XCBuildConfiguration;
			buildSettings = {
				ASSETCATALOG_COMPILER_APPICON_NAME = AppIcon;
				CODE_SIGN_ENTITLEMENTS = "20181124-(本地数据存储安全)Keychain/20181124-(本地数据存储安全)Keychain.entitlements";
				CODE_SIGN_STYLE = Automatic;
				DEVELOPMENT_TEAM = 3FR6C5N825;
				INFOPLIST_FILE = "20181124-(本地数据存储安全)Keychain/Info.plist";
				IPHONEOS_DEPLOYMENT_TARGET = 11.0;
				LD_RUNPATH_SEARCH_PATHS = (
					"$(inherited)",
					"@executable_path/Frameworks",
				);
				PRODUCT_BUNDLE_IDENTIFIER = com.lyh.demo;
				PRODUCT_NAME = "$(TARGET_NAME)";
				TARGETED_DEVICE_FAMILY = "1,2";
			};
			name = Release;
		};
/* End XCBuildConfiguration section */

/* Begin XCConfigurationList section */
		9B44610521A91AAF0072A8F4 /* Build configuration list for PBXProject "20181124-(本地数据存储安全)Keychain" */ = {
			isa = XCConfigurationList;
			buildConfigurations = (
				9B44611E21A91AB10072A8F4 /* Debug */,
				9B44611F21A91AB10072A8F4 /* Release */,
			);
			defaultConfigurationIsVisible = 0;
			defaultConfigurationName = Release;
		};
		9B44612021A91AB10072A8F4 /* Build configuration list for PBXNativeTarget "20181124-(本地数据存储安全)Keychain" */ = {
			isa = XCConfigurationList;
			buildConfigurations = (
				9B44612121A91AB10072A8F4 /* Debug */,
				9B44612221A91AB10072A8F4 /* Release */,
			);
			defaultConfigurationIsVisible = 0;
			defaultConfigurationName = Release;
		};
/* End XCConfigurationList section */
	};
	rootObject = 9B44610221A91AAF0072A8F4 /* Project object */;
}
